# GENERATED FILE - DO NOT EDIT DIRECTLY
schema_version: 1

bundle:
  version: "0.1.0-dev"
  release_sequence: 0
  channel: "development"
  source_commit: "97e8bbaa3a0734b156b03bad704503bc46d7575b"
  digest: "sha256:2a9d909c8a7468c96690c6e8bdf3437a9af6577f189a94c248c17fcb8891de04"

projection:
  input_digest: "sha256:c7b7062856fc75524db8458576aac3e407212d74497e65ab065cc446dd68c024"
  output_digest: "sha256:c27d7de564db57307ddc424f21513908ddbb06e150048fa8aee7f0d2ac0927f4"
  files:
    - path: ".gds/compiled-policy.json"
      digest: "sha256:cfa2bc5dba6a5e861067d971a4232ab264b1821a7d6063db50400b2c9fe256c0"
