# GENERATED FILE - DO NOT EDIT DIRECTLY
schema_version: 1

bundle:
  version: "0.1.0-dev"
  release_sequence: 0
  channel: "development"
  source_commit: "5912c2259c99ac300eaea6b6d7b982eefd90a854"
  digest: "sha256:5f879e70ef0c9886900589f8d1ff3bfe3dc6c0c6394daa01a0d4379b6f2396ff"

projection:
  input_digest: "sha256:96c856745333a7097a793ce3a7ef66fa93b909477868b6a8a2872ccb26ec0910"
  output_digest: "sha256:c27d7de564db57307ddc424f21513908ddbb06e150048fa8aee7f0d2ac0927f4"
  files:
    - path: ".gds/compiled-policy.json"
      digest: "sha256:cfa2bc5dba6a5e861067d971a4232ab264b1821a7d6063db50400b2c9fe256c0"
